// !$*UTF8*$!
{
	archiveVersion = 1;
	classes = {
	};
	objectVersion = 46;
	objects = {

/* Begin PBXBuildFile section */
		2EAC43300AC57D0287BEA35C /* Pods_tallApp.framework in Frameworks */ = {isa = PBXBuildFile; fileRef = 287676D88469EFD582CF5F10 /* Pods_tallApp.framework */; };
		44086CA41D1ACA270049CD9C /* AppDelegate.swift in Sources */ = {isa = PBXBuildFile; fileRef = 44086CA31D1ACA270049CD9C /* AppDelegate.swift */; };
		44086CA61D1ACA270049CD9C /* ViewController.swift in Sources */ = {isa = PBXBuildFile; fileRef = 44086CA51D1ACA270049CD9C /* ViewController.swift */; };
		44086CA91D1ACA270049CD9C /* Main.storyboard in Resources */ = {isa = PBXBuildFile; fileRef = 44086CA71D1ACA270049CD9C /* Main.storyboard */; };
		44086CAC1D1ACA270049CD9C /* tallApp.xcdatamodeld in Sources */ = {isa = PBXBuildFile; fileRef = 44086CAA1D1ACA270049CD9C /* tallApp.xcdatamodeld */; };
		44086CB11D1ACA270049CD9C /* LaunchScreen.storyboard in Resources */ = {isa = PBXBuildFile; fileRef = 44086CAF1D1ACA270049CD9C /* LaunchScreen.storyboard */; };
		44086CBD1D1ACB160049CD9C /* NotoSans-Bold.ttf in Resources */ = {isa = PBXBuildFile; fileRef = 44086CB91D1ACB160049CD9C /* NotoSans-Bold.ttf */; };
		44086CBE1D1ACB160049CD9C /* NotoSans-BoldItalic.ttf in Resources */ = {isa = PBXBuildFile; fileRef = 44086CBA1D1ACB160049CD9C /* NotoSans-BoldItalic.ttf */; };
		44086CBF1D1ACB160049CD9C /* NotoSans-Italic.ttf in Resources */ = {isa = PBXBuildFile; fileRef = 44086CBB1D1ACB160049CD9C /* NotoSans-Italic.ttf */; };
		44086CC01D1ACB160049CD9C /* NotoSans-Regular.ttf in Resources */ = {isa = PBXBuildFile; fileRef = 44086CBC1D1ACB160049CD9C /* NotoSans-Regular.ttf */; };
		44086CC21D1ACD990049CD9C /* materialView.swift in Sources */ = {isa = PBXBuildFile; fileRef = 44086CC11D1ACD990049CD9C /* materialView.swift */; };
		44086CC41D1ACE210049CD9C /* Constants.swift in Sources */ = {isa = PBXBuildFile; fileRef = 44086CC31D1ACE210049CD9C /* Constants.swift */; };
		44086CC61D1AD4FC0049CD9C /* noun_162630_cc.png in Resources */ = {isa = PBXBuildFile; fileRef = 44086CC51D1AD4FC0049CD9C /* noun_162630_cc.png */; };
		44086CC81D1ADA8D0049CD9C /* materialButton.swift in Sources */ = {isa = PBXBuildFile; fileRef = 44086CC71D1ADA8D0049CD9C /* materialButton.swift */; };
		44086CCA1D1B07170049CD9C /* materialTextField.swift in Sources */ = {isa = PBXBuildFile; fileRef = 44086CC91D1B07170049CD9C /* materialTextField.swift */; };
		44086CCC1D1B0DC60049CD9C /* GoogleService-Info.plist in Resources */ = {isa = PBXBuildFile; fileRef = 44086CCB1D1B0DC60049CD9C /* GoogleService-Info.plist */; };
		441907931D1B19F300000D21 /* FBSDKCoreKit.framework in Frameworks */ = {isa = PBXBuildFile; fileRef = 441907921D1B19F300000D21 /* FBSDKCoreKit.framework */; };
		441907951D1B1CAB00000D21 /* FBSDKLoginKit.framework in Frameworks */ = {isa = PBXBuildFile; fileRef = 441907941D1B1CAB00000D21 /* FBSDKLoginKit.framework */; };
		4493CB591D29221100EE99A9 /* popoverView.swift in Sources */ = {isa = PBXBuildFile; fileRef = 4493CB581D29221100EE99A9 /* popoverView.swift */; };
		449A091C1D22EE4C007FFD52 /* Posts.swift in Sources */ = {isa = PBXBuildFile; fileRef = 449A091B1D22EE4C007FFD52 /* Posts.swift */; };
		44BE90DE1D202AD200CE94D1 /* feedVC.swift in Sources */ = {isa = PBXBuildFile; fileRef = 44BE90DD1D202AD200CE94D1 /* feedVC.swift */; };
		44BE90E01D202C6200CE94D1 /* PostCell.swift in Sources */ = {isa = PBXBuildFile; fileRef = 44BE90DF1D202C6200CE94D1 /* PostCell.swift */; };
		44BE90E21D203BF500CE94D1 /* Grey.png in Resources */ = {isa = PBXBuildFile; fileRef = 44BE90E11D203BF500CE94D1 /* Grey.png */; };
		44FAC6301D1E7E020030DC6B /* DataService.swift in Sources */ = {isa = PBXBuildFile; fileRef = 44FAC62F1D1E7E020030DC6B /* DataService.swift */; };
		44FFE4A51D203D52008ED8FF /* Assets.xcassets in Resources */ = {isa = PBXBuildFile; fileRef = 44FFE4A41D203D52008ED8FF /* Assets.xcassets */; };
/* End PBXBuildFile section */

/* Begin PBXFileReference section */
		287676D88469EFD582CF5F10 /* Pods_tallApp.framework */ = {isa = PBXFileReference; explicitFileType = wrapper.framework; includeInIndex = 0; path = Pods_tallApp.framework; sourceTree = BUILT_PRODUCTS_DIR; };
		35E0E1662EB535D5FA9E166D /* Pods-tallApp.release.xcconfig */ = {isa = PBXFileReference; includeInIndex = 1; lastKnownFileType = text.xcconfig; name = "Pods-tallApp.release.xcconfig"; path = "Pods/Target Support Files/Pods-tallApp/Pods-tallApp.release.xcconfig"; sourceTree = "<group>"; };
		44086CA01D1ACA270049CD9C /* tallApp.app */ = {isa = PBXFileReference; explicitFileType = wrapper.application; includeInIndex = 0; path = tallApp.app; sourceTree = BUILT_PRODUCTS_DIR; };
		44086CA31D1ACA270049CD9C /* AppDelegate.swift */ = {isa = PBXFileReference; lastKnownFileType = sourcecode.swift; path = AppDelegate.swift; sourceTree = "<group>"; };
		44086CA51D1ACA270049CD9C /* ViewController.swift */ = {isa = PBXFileReference; lastKnownFileType = sourcecode.swift; path = ViewController.swift; sourceTree = "<group>"; };
		44086CA81D1ACA270049CD9C /* Base */ = {isa = PBXFileReference; lastKnownFileType = file.storyboard; name = Base; path = Base.lproj/Main.storyboard; sourceTree = "<group>"; };
		44086CAB1D1ACA270049CD9C /* tallApp.xcdatamodel */ = {isa = PBXFileReference; lastKnownFileType = wrapper.xcdatamodel; path = tallApp.xcdatamodel; sourceTree = "<group>"; };
		44086CB01D1ACA270049CD9C /* Base */ = {isa = PBXFileReference; lastKnownFileType = file.storyboard; name = Base; path = Base.lproj/LaunchScreen.storyboard; sourceTree = "<group>"; };
		44086CB21D1ACA270049CD9C /* Info.plist */ = {isa = PBXFileReference; lastKnownFileType = text.plist.xml; path = Info.plist; sourceTree = "<group>"; };
		44086CB91D1ACB160049CD9C /* NotoSans-Bold.ttf */ = {isa = PBXFileReference; lastKnownFileType = file; path = "NotoSans-Bold.ttf"; sourceTree = "<group>"; };
		44086CBA1D1ACB160049CD9C /* NotoSans-BoldItalic.ttf */ = {isa = PBXFileReference; lastKnownFileType = file; path = "NotoSans-BoldItalic.ttf"; sourceTree = "<group>"; };
		44086CBB1D1ACB160049CD9C /* NotoSans-Italic.ttf */ = {isa = PBXFileReference; lastKnownFileType = file; path = "NotoSans-Italic.ttf"; sourceTree = "<group>"; };
		44086CBC1D1ACB160049CD9C /* NotoSans-Regular.ttf */ = {isa = PBXFileReference; lastKnownFileType = file; path = "NotoSans-Regular.ttf"; sourceTree = "<group>"; };
		44086CC11D1ACD990049CD9C /* materialView.swift */ = {isa = PBXFileReference; fileEncoding = 4; lastKnownFileType = sourcecode.swift; path = materialView.swift; sourceTree = "<group>"; };
		44086CC31D1ACE210049CD9C /* Constants.swift */ = {isa = PBXFileReference; fileEncoding = 4; lastKnownFileType = sourcecode.swift; path = Constants.swift; sourceTree = "<group>"; };
		44086CC51D1AD4FC0049CD9C /* noun_162630_cc.png */ = {isa = PBXFileReference; lastKnownFileType = image.png; path = noun_162630_cc.png; sourceTree = "<group>"; };
		44086CC71D1ADA8D0049CD9C /* materialButton.swift */ = {isa = PBXFileReference; fileEncoding = 4; lastKnownFileType = sourcecode.swift; path = materialButton.swift; sourceTree = "<group>"; };
		44086CC91D1B07170049CD9C /* materialTextField.swift */ = {isa = PBXFileReference; fileEncoding = 4; lastKnownFileType = sourcecode.swift; path = materialTextField.swift; sourceTree = "<group>"; };
		44086CCB1D1B0DC60049CD9C /* GoogleService-Info.plist */ = {isa = PBXFileReference; fileEncoding = 4; lastKnownFileType = text.plist.xml; path = "GoogleService-Info.plist"; sourceTree = "<group>"; };
		441907921D1B19F300000D21 /* FBSDKCoreKit.framework */ = {isa = PBXFileReference; lastKnownFileType = wrapper.framework; path = FBSDKCoreKit.framework; sourceTree = "<group>"; };
		441907941D1B1CAB00000D21 /* FBSDKLoginKit.framework */ = {isa = PBXFileReference; lastKnownFileType = wrapper.framework; path = FBSDKLoginKit.framework; sourceTree = "<group>"; };
		4493CB581D29221100EE99A9 /* popoverView.swift */ = {isa = PBXFileReference; fileEncoding = 4; lastKnownFileType = sourcecode.swift; path = popoverView.swift; sourceTree = "<group>"; };
		449A091B1D22EE4C007FFD52 /* Posts.swift */ = {isa = PBXFileReference; fileEncoding = 4; lastKnownFileType = sourcecode.swift; path = Posts.swift; sourceTree = "<group>"; };
		44BE90DD1D202AD200CE94D1 /* feedVC.swift */ = {isa = PBXFileReference; fileEncoding = 4; lastKnownFileType = sourcecode.swift; path = feedVC.swift; sourceTree = "<group>"; };
		44BE90DF1D202C6200CE94D1 /* PostCell.swift */ = {isa = PBXFileReference; fileEncoding = 4; lastKnownFileType = sourcecode.swift; path = PostCell.swift; sourceTree = "<group>"; };
		44BE90E11D203BF500CE94D1 /* Grey.png */ = {isa = PBXFileReference; lastKnownFileType = image.png; path = Grey.png; sourceTree = "<group>"; };
		44FAC62F1D1E7E020030DC6B /* DataService.swift */ = {isa = PBXFileReference; fileEncoding = 4; lastKnownFileType = sourcecode.swift; path = DataService.swift; sourceTree = "<group>"; };
		44FFE4A41D203D52008ED8FF /* Assets.xcassets */ = {isa = PBXFileReference; lastKnownFileType = folder.assetcatalog; path = Assets.xcassets; sourceTree = "<group>"; };
		EA1E3639B445513B8E52B272 /* Pods-tallApp.debug.xcconfig */ = {isa = PBXFileReference; includeInIndex = 1; lastKnownFileType = text.xcconfig; name = "Pods-tallApp.debug.xcconfig"; path = "Pods/Target Support Files/Pods-tallApp/Pods-tallApp.debug.xcconfig"; sourceTree = "<group>"; };
/* End PBXFileReference section */

/* Begin PBXFrameworksBuildPhase section */
		44086C9D1D1ACA270049CD9C /* Frameworks */ = {
			isa = PBXFrameworksBuildPhase;
			buildActionMask = 2147483647;
			files = (
				2EAC43300AC57D0287BEA35C /* Pods_tallApp.framework in Frameworks */,
				441907931D1B19F300000D21 /* FBSDKCoreKit.framework in Frameworks */,
				441907951D1B1CAB00000D21 /* FBSDKLoginKit.framework in Frameworks */,
			);
			runOnlyForDeploymentPostprocessing = 0;
		};
/* End PBXFrameworksBuildPhase section */

/* Begin PBXGroup section */
		44086C971D1ACA270049CD9C = {
			isa = PBXGroup;
			children = (
				44086CA21D1ACA270049CD9C /* tallApp */,
				44086CA11D1ACA270049CD9C /* Products */,
				9AB63C6447DFD31465FD9B4C /* Pods */,
				726590C0383408D0C5E21187 /* Frameworks */,
			);
			sourceTree = "<group>";
		};
		44086CA11D1ACA270049CD9C /* Products */ = {
			isa = PBXGroup;
			children = (
				44086CA01D1ACA270049CD9C /* tallApp.app */,
			);
			name = Products;
			sourceTree = "<group>";
		};
		44086CA21D1ACA270049CD9C /* tallApp */ = {
			isa = PBXGroup;
			children = (
				44086CB81D1ACAF20049CD9C /* Font */,
				44086CA51D1ACA270049CD9C /* ViewController.swift */,
				44BE90DD1D202AD200CE94D1 /* feedVC.swift */,
				44BE90DF1D202C6200CE94D1 /* PostCell.swift */,
				4493CB581D29221100EE99A9 /* popoverView.swift */,
				44086CC11D1ACD990049CD9C /* materialView.swift */,
				44086CC71D1ADA8D0049CD9C /* materialButton.swift */,
				44086CC91D1B07170049CD9C /* materialTextField.swift */,
				44086CC31D1ACE210049CD9C /* Constants.swift */,
				44FAC62F1D1E7E020030DC6B /* DataService.swift */,
				449A091B1D22EE4C007FFD52 /* Posts.swift */,
				44086CA71D1ACA270049CD9C /* Main.storyboard */,
				44086CAF1D1ACA270049CD9C /* LaunchScreen.storyboard */,
				44FFE4A41D203D52008ED8FF /* Assets.xcassets */,
				44086CB21D1ACA270049CD9C /* Info.plist */,
				44086CCB1D1B0DC60049CD9C /* GoogleService-Info.plist */,
				44086CAA1D1ACA270049CD9C /* tallApp.xcdatamodeld */,
				44BE90E11D203BF500CE94D1 /* Grey.png */,
				44086CC51D1AD4FC0049CD9C /* noun_162630_cc.png */,
			);
			path = tallApp;
			sourceTree = "<group>";
		};
		44086CB81D1ACAF20049CD9C /* Font */ = {
			isa = PBXGroup;
			children = (
				44086CA31D1ACA270049CD9C /* AppDelegate.swift */,
				44086CB91D1ACB160049CD9C /* NotoSans-Bold.ttf */,
				44086CBA1D1ACB160049CD9C /* NotoSans-BoldItalic.ttf */,
				44086CBB1D1ACB160049CD9C /* NotoSans-Italic.ttf */,
				44086CBC1D1ACB160049CD9C /* NotoSans-Regular.ttf */,
			);
			name = Font;
			sourceTree = "<group>";
		};
		726590C0383408D0C5E21187 /* Frameworks */ = {
			isa = PBXGroup;
			children = (
				441907941D1B1CAB00000D21 /* FBSDKLoginKit.framework */,
				441907921D1B19F300000D21 /* FBSDKCoreKit.framework */,
				287676D88469EFD582CF5F10 /* Pods_tallApp.framework */,
			);
			name = Frameworks;
			sourceTree = "<group>";
		};
		9AB63C6447DFD31465FD9B4C /* Pods */ = {
			isa = PBXGroup;
			children = (
				EA1E3639B445513B8E52B272 /* Pods-tallApp.debug.xcconfig */,
				35E0E1662EB535D5FA9E166D /* Pods-tallApp.release.xcconfig */,
			);
			name = Pods;
			sourceTree = "<group>";
		};
/* End PBXGroup section */

/* Begin PBXNativeTarget section */
		44086C9F1D1ACA270049CD9C /* tallApp */ = {
			isa = PBXNativeTarget;
			buildConfigurationList = 44086CB51D1ACA270049CD9C /* Build configuration list for PBXNativeTarget "tallApp" */;
			buildPhases = (
				4F510C5B9428332D5BE62A46 /* [CP] Check Pods Manifest.lock */,
				44086C9C1D1ACA270049CD9C /* Sources */,
				44086C9D1D1ACA270049CD9C /* Frameworks */,
				44086C9E1D1ACA270049CD9C /* Resources */,
				C10AD2644E058F87BD42C0AE /* [CP] Embed Pods Frameworks */,
				2036AD8E8FBDD44BCA0BDFDE /* [CP] Copy Pods Resources */,
			);
			buildRules = (
			);
			dependencies = (
			);
			name = tallApp;
			productName = tallApp;
			productReference = 44086CA01D1ACA270049CD9C /* tallApp.app */;
			productType = "com.apple.product-type.application";
		};
/* End PBXNativeTarget section */

/* Begin PBXProject section */
		44086C981D1ACA270049CD9C /* Project object */ = {
			isa = PBXProject;
			attributes = {
				LastSwiftUpdateCheck = 0730;
				LastUpgradeCheck = 0730;
				ORGANIZATIONNAME = "Robin Tilman";
				TargetAttributes = {
					44086C9F1D1ACA270049CD9C = {
						CreatedOnToolsVersion = 7.3;
						DevelopmentTeam = U645F2MDLJ;
					};
				};
			};
			buildConfigurationList = 44086C9B1D1ACA270049CD9C /* Build configuration list for PBXProject "tallApp" */;
			compatibilityVersion = "Xcode 3.2";
			developmentRegion = English;
			hasScannedForEncodings = 0;
			knownRegions = (
				en,
				Base,
			);
			mainGroup = 44086C971D1ACA270049CD9C;
			productRefGroup = 44086CA11D1ACA270049CD9C /* Products */;
			projectDirPath = "";
			projectRoot = "";
			targets = (
				44086C9F1D1ACA270049CD9C /* tallApp */,
			);
		};
/* End PBXProject section */

/* Begin PBXResourcesBuildPhase section */
		44086C9E1D1ACA270049CD9C /* Resources */ = {
			isa = PBXResourcesBuildPhase;
			buildActionMask = 2147483647;
			files = (
				44086CBD1D1ACB160049CD9C /* NotoSans-Bold.ttf in Resources */,
				44086CB11D1ACA270049CD9C /* LaunchScreen.storyboard in Resources */,
				44BE90E21D203BF500CE94D1 /* Grey.png in Resources */,
				44086CCC1D1B0DC60049CD9C /* GoogleService-Info.plist in Resources */,
				44FFE4A51D203D52008ED8FF /* Assets.xcassets in Resources */,
				44086CBE1D1ACB160049CD9C /* NotoSans-BoldItalic.ttf in Resources */,
				44086CC61D1AD4FC0049CD9C /* noun_162630_cc.png in Resources */,
				44086CBF1D1ACB160049CD9C /* NotoSans-Italic.ttf in Resources */,
				44086CA91D1ACA270049CD9C /* Main.storyboard in Resources */,
				44086CC01D1ACB160049CD9C /* NotoSans-Regular.ttf in Resources */,
			);
			runOnlyForDeploymentPostprocessing = 0;
		};
/* End PBXResourcesBuildPhase section */

/* Begin PBXShellScriptBuildPhase section */
		2036AD8E8FBDD44BCA0BDFDE /* [CP] Copy Pods Resources */ = {
			isa = PBXShellScriptBuildPhase;
			buildActionMask = 2147483647;
			files = (
			);
			inputPaths = (
			);
			name = "[CP] Copy Pods Resources";
			outputPaths = (
			);
			runOnlyForDeploymentPostprocessing = 0;
			shellPath = /bin/sh;
			shellScript = "\"${SRCROOT}/Pods/Target Support Files/Pods-tallApp/Pods-tallApp-resources.sh\"\n";
			showEnvVarsInLog = 0;
		};
		4F510C5B9428332D5BE62A46 /* [CP] Check Pods Manifest.lock */ = {
			isa = PBXShellScriptBuildPhase;
			buildActionMask = 2147483647;
			files = (
			);
			inputPaths = (
			);
			name = "[CP] Check Pods Manifest.lock";
			outputPaths = (
			);
			runOnlyForDeploymentPostprocessing = 0;
			shellPath = /bin/sh;
			shellScript = "diff \"${PODS_ROOT}/../Podfile.lock\" \"${PODS_ROOT}/Manifest.lock\" > /dev/null\nif [[ $? != 0 ]] ; then\n    cat << EOM\nerror: The sandbox is not in sync with the Podfile.lock. Run 'pod install' or update your CocoaPods installation.\nEOM\n    exit 1\nfi\n";
			showEnvVarsInLog = 0;
		};
		C10AD2644E058F87BD42C0AE /* [CP] Embed Pods Frameworks */ = {
			isa = PBXShellScriptBuildPhase;
			buildActionMask = 2147483647;
			files = (
			);
			inputPaths = (
			);
			name = "[CP] Embed Pods Frameworks";
			outputPaths = (
			);
			runOnlyForDeploymentPostprocessing = 0;
			shellPath = /bin/sh;
			shellScript = "\"${SRCROOT}/Pods/Target Support Files/Pods-tallApp/Pods-tallApp-frameworks.sh\"\n";
			showEnvVarsInLog = 0;
		};
/* End PBXShellScriptBuildPhase section */

/* Begin PBXSourcesBuildPhase section */
		44086C9C1D1ACA270049CD9C /* Sources */ = {
			isa = PBXSourcesBuildPhase;
			buildActionMask = 2147483647;
			files = (
				44086CC41D1ACE210049CD9C /* Constants.swift in Sources */,
				44086CA61D1ACA270049CD9C /* ViewController.swift in Sources */,
				44086CC81D1ADA8D0049CD9C /* materialButton.swift in Sources */,
				44086CA41D1ACA270049CD9C /* AppDelegate.swift in Sources */,
				44086CCA1D1B07170049CD9C /* materialTextField.swift in Sources */,
				44086CAC1D1ACA270049CD9C /* tallApp.xcdatamodeld in Sources */,
				449A091C1D22EE4C007FFD52 /* Posts.swift in Sources */,
				44BE90DE1D202AD200CE94D1 /* feedVC.swift in Sources */,
				44086CC21D1ACD990049CD9C /* materialView.swift in Sources */,
				44FAC6301D1E7E020030DC6B /* DataService.swift in Sources */,
				4493CB591D29221100EE99A9 /* popoverView.swift in Sources */,
				44BE90E01D202C6200CE94D1 /* PostCell.swift in Sources */,
			);
			runOnlyForDeploymentPostprocessing = 0;
		};
/* End PBXSourcesBuildPhase section */

/* Begin PBXVariantGroup section */
		44086CA71D1ACA270049CD9C /* Main.storyboard */ = {
			isa = PBXVariantGroup;
			children = (
				44086CA81D1ACA270049CD9C /* Base */,
			);
			name = Main.storyboard;
			sourceTree = "<group>";
		};
		44086CAF1D1ACA270049CD9C /* LaunchScreen.storyboard */ = {
			isa = PBXVariantGroup;
			children = (
				44086CB01D1ACA270049CD9C /* Base */,
			);
			name = LaunchScreen.storyboard;
			sourceTree = "<group>";
		};
/* End PBXVariantGroup section */

/* Begin XCBuildConfiguration section */
		44086CB31D1ACA270049CD9C /* Debug */ = {
			isa = XCBuildConfiguration;
			buildSettings = {
				ALWAYS_SEARCH_USER_PATHS = NO;
				CLANG_ANALYZER_NONNULL = YES;
				CLANG_CXX_LANGUAGE_STANDARD = "gnu++0x";
				CLANG_CXX_LIBRARY = "libc++";
				CLANG_ENABLE_MODULES = YES;
				CLANG_ENABLE_OBJC_ARC = YES;
				CLANG_WARN_BOOL_CONVERSION = YES;
				CLANG_WARN_CONSTANT_CONVERSION = YES;
				CLANG_WARN_DIRECT_OBJC_ISA_USAGE = YES_ERROR;
				CLANG_WARN_EMPTY_BODY = YES;
				CLANG_WARN_ENUM_CONVERSION = YES;
				CLANG_WARN_INT_CONVERSION = YES;
				CLANG_WARN_OBJC_ROOT_CLASS = YES_ERROR;
				CLANG_WARN_UNREACHABLE_CODE = YES;
				CLANG_WARN__DUPLICATE_METHOD_MATCH = YES;
				"CODE_SIGN_IDENTITY[sdk=iphoneos*]" = "iPhone Developer";
				COPY_PHASE_STRIP = NO;
				DEBUG_INFORMATION_FORMAT = dwarf;
				ENABLE_STRICT_OBJC_MSGSEND = YES;
				ENABLE_TESTABILITY = YES;
				GCC_C_LANGUAGE_STANDARD = gnu99;
				GCC_DYNAMIC_NO_PIC = NO;
				GCC_NO_COMMON_BLOCKS = YES;
				GCC_OPTIMIZATION_LEVEL = 0;
				GCC_PREPROCESSOR_DEFINITIONS = (
					"DEBUG=1",
					"$(inherited)",
				);
				GCC_WARN_64_TO_32_BIT_CONVERSION = YES;
				GCC_WARN_ABOUT_RETURN_TYPE = YES_ERROR;
				GCC_WARN_UNDECLARED_SELECTOR = YES;
				GCC_WARN_UNINITIALIZED_AUTOS = YES_AGGRESSIVE;
				GCC_WARN_UNUSED_FUNCTION = YES;
				GCC_WARN_UNUSED_VARIABLE = YES;
				IPHONEOS_DEPLOYMENT_TARGET = 9.3;
				MTL_ENABLE_DEBUG_INFO = YES;
				ONLY_ACTIVE_ARCH = YES;
				SDKROOT = iphoneos;
				SWIFT_OPTIMIZATION_LEVEL = "-Onone";
				TARGETED_DEVICE_FAMILY = "1,2";
			};
			name = Debug;
		};
		44086CB41D1ACA270049CD9C /* Release */ = {
			isa = XCBuildConfiguration;
			buildSettings = {
				ALWAYS_SEARCH_USER_PATHS = NO;
				CLANG_ANALYZER_NONNULL = YES;
				CLANG_CXX_LANGUAGE_STANDARD = "gnu++0x";
				CLANG_CXX_LIBRARY = "libc++";
				CLANG_ENABLE_MODULES = YES;
				CLANG_ENABLE_OBJC_ARC = YES;
				CLANG_WARN_BOOL_CONVERSION = YES;
				CLANG_WARN_CONSTANT_CONVERSION = YES;
				CLANG_WARN_DIRECT_OBJC_ISA_USAGE = YES_ERROR;
				CLANG_WARN_EMPTY_BODY = YES;
				CLANG_WARN_ENUM_CONVERSION = YES;
				CLANG_WARN_INT_CONVERSION = YES;
				CLANG_WARN_OBJC_ROOT_CLASS = YES_ERROR;
				CLANG_WARN_UNREACHABLE_CODE = YES;
				CLANG_WARN__DUPLICATE_METHOD_MATCH = YES;
				"CODE_SIGN_IDENTITY[sdk=iphoneos*]" = "iPhone Developer";
				COPY_PHASE_STRIP = NO;
				DEBUG_INFORMATION_FORMAT = "dwarf-with-dsym";
				ENABLE_NS_ASSERTIONS = NO;
				ENABLE_STRICT_OBJC_MSGSEND = YES;
				GCC_C_LANGUAGE_STANDARD = gnu99;
				GCC_NO_COMMON_BLOCKS = YES;
				GCC_WARN_64_TO_32_BIT_CONVERSION = YES;
				GCC_WARN_ABOUT_RETURN_TYPE = YES_ERROR;
				GCC_WARN_UNDECLARED_SELECTOR = YES;
				GCC_WARN_UNINITIALIZED_AUTOS = YES_AGGRESSIVE;
				GCC_WARN_UNUSED_FUNCTION = YES;
				GCC_WARN_UNUSED_VARIABLE = YES;
				IPHONEOS_DEPLOYMENT_TARGET = 9.3;
				MTL_ENABLE_DEBUG_INFO = NO;
				SDKROOT = iphoneos;
				TARGETED_DEVICE_FAMILY = "1,2";
				VALIDATE_PRODUCT = YES;
			};
			name = Release;
		};
		44086CB61D1ACA270049CD9C /* Debug */ = {
			isa = XCBuildConfiguration;
			baseConfigurationReference = EA1E3639B445513B8E52B272 /* Pods-tallApp.debug.xcconfig */;
			buildSettings = {
				ASSETCATALOG_COMPILER_APPICON_NAME = AppIcon;
				ENABLE_BITCODE = NO;
				FRAMEWORK_SEARCH_PATHS = (
					"$(inherited)",
					"$(PROJECT_DIR)",
				);
				INFOPLIST_FILE = tallApp/Info.plist;
				LD_RUNPATH_SEARCH_PATHS = "$(inherited) @executable_path/Frameworks";
				PRODUCT_BUNDLE_IDENTIFIER = "com.robin-tilman.tallApp";
				PRODUCT_NAME = "$(TARGET_NAME)";
				TARGETED_DEVICE_FAMILY = 2;
			};
			name = Debug;
		};
		44086CB71D1ACA270049CD9C /* Release */ = {
			isa = XCBuildConfiguration;
			baseConfigurationReference = 35E0E1662EB535D5FA9E166D /* Pods-tallApp.release.xcconfig */;
			buildSettings = {
				ASSETCATALOG_COMPILER_APPICON_NAME = AppIcon;
				ENABLE_BITCODE = NO;
				FRAMEWORK_SEARCH_PATHS = (
					"$(inherited)",
					"$(PROJECT_DIR)",
				);
				INFOPLIST_FILE = tallApp/Info.plist;
				LD_RUNPATH_SEARCH_PATHS = "$(inherited) @executable_path/Frameworks";
				PRODUCT_BUNDLE_IDENTIFIER = "com.robin-tilman.tallApp";
				PRODUCT_NAME = "$(TARGET_NAME)";
				TARGETED_DEVICE_FAMILY = 2;
			};
			name = Release;
		};
/* End XCBuildConfiguration section */

/* Begin XCConfigurationList section */
		44086C9B1D1ACA270049CD9C /* Build configuration list for PBXProject "tallApp" */ = {
			isa = XCConfigurationList;
			buildConfigurations = (
				44086CB31D1ACA270049CD9C /* Debug */,
				44086CB41D1ACA270049CD9C /* Release */,
			);
			defaultConfigurationIsVisible = 0;
			defaultConfigurationName = Release;
		};
		44086CB51D1ACA270049CD9C /* Build configuration list for PBXNativeTarget "tallApp" */ = {
			isa = XCConfigurationList;
			buildConfigurations = (
				44086CB61D1ACA270049CD9C /* Debug */,
				44086CB71D1ACA270049CD9C /* Release */,
			);
			defaultConfigurationIsVisible = 0;
			defaultConfigurationName = Release;
		};
/* End XCConfigurationList section */

/* Begin XCVersionGroup section */
		44086CAA1D1ACA270049CD9C /* tallApp.xcdatamodeld */ = {
			isa = XCVersionGroup;
			children = (
				44086CAB1D1ACA270049CD9C /* tallApp.xcdatamodel */,
			);
			currentVersion = 44086CAB1D1ACA270049CD9C /* tallApp.xcdatamodel */;
			path = tallApp.xcdatamodeld;
			sourceTree = "<group>";
			versionGroupType = wrapper.xcdatamodel;
		};
/* End XCVersionGroup section */
	};
	rootObject = 44086C981D1ACA270049CD9C /* Project object */;
}
